lockfileVersion: '9.0'

settings:
  autoInstallPeers: true
  excludeLinksFromLockfile: false

importers:

  .:
    devDependencies:
      '@biomejs/biome':
        specifier: ^1.9.4
        version: 1.9.4
      lefthook:
        specifier: ^1.8.1
        version: 1.8.1
      turbo:
        specifier: ^2.2.3
        version: 2.2.3
      typescript:
        specifier: 5.4.5
        version: 5.4.5

packages:

  '@biomejs/biome@1.9.4':
    resolution: {integrity: sha512-1rkd7G70+o9KkTn5KLmDYXihGoTaIGO9PIIN2ZB7UJxFrWw04CZHPYiMRjYsaDvVV7hP1dYNRLxSANLaBFGpog==}
    engines: {node: '>=14.21.3'}
    hasBin: true

  '@biomejs/cli-darwin-arm64@1.9.4':
    resolution: {integrity: sha512-bFBsPWrNvkdKrNCYeAp+xo2HecOGPAy9WyNyB/jKnnedgzl4W4Hb9ZMzYNbf8dMCGmUdSavlYHiR01QaYR58cw==}
    engines: {node: '>=14.21.3'}
    cpu: [arm64]
    os: [darwin]

  '@biomejs/cli-darwin-x64@1.9.4':
    resolution: {integrity: sha512-ngYBh/+bEedqkSevPVhLP4QfVPCpb+4BBe2p7Xs32dBgs7rh9nY2AIYUL6BgLw1JVXV8GlpKmb/hNiuIxfPfZg==}
    engines: {node: '>=14.21.3'}
    cpu: [x64]
    os: [darwin]

  '@biomejs/cli-linux-arm64-musl@1.9.4':
    resolution: {integrity: sha512-v665Ct9WCRjGa8+kTr0CzApU0+XXtRgwmzIf1SeKSGAv+2scAlW6JR5PMFo6FzqqZ64Po79cKODKf3/AAmECqA==}
    engines: {node: '>=14.21.3'}
    cpu: [arm64]
    os: [linux]

  '@biomejs/cli-linux-arm64@1.9.4':
    resolution: {integrity: sha512-fJIW0+LYujdjUgJJuwesP4EjIBl/N/TcOX3IvIHJQNsAqvV2CHIogsmA94BPG6jZATS4Hi+xv4SkBBQSt1N4/g==}
    engines: {node: '>=14.21.3'}
    cpu: [arm64]
    os: [linux]

  '@biomejs/cli-linux-x64-musl@1.9.4':
    resolution: {integrity: sha512-gEhi/jSBhZ2m6wjV530Yy8+fNqG8PAinM3oV7CyO+6c3CEh16Eizm21uHVsyVBEB6RIM8JHIl6AGYCv6Q6Q9Tg==}
    engines: {node: '>=14.21.3'}
    cpu: [x64]
    os: [linux]

  '@biomejs/cli-linux-x64@1.9.4':
    resolution: {integrity: sha512-lRCJv/Vi3Vlwmbd6K+oQ0KhLHMAysN8lXoCI7XeHlxaajk06u7G+UsFSO01NAs5iYuWKmVZjmiOzJ0OJmGsMwg==}
    engines: {node: '>=14.21.3'}
    cpu: [x64]
    os: [linux]

  '@biomejs/cli-win32-arm64@1.9.4':
    resolution: {integrity: sha512-tlbhLk+WXZmgwoIKwHIHEBZUwxml7bRJgk0X2sPyNR3S93cdRq6XulAZRQJ17FYGGzWne0fgrXBKpl7l4M87Hg==}
    engines: {node: '>=14.21.3'}
    cpu: [arm64]
    os: [win32]

  '@biomejs/cli-win32-x64@1.9.4':
    resolution: {integrity: sha512-8Y5wMhVIPaWe6jw2H+KlEm4wP/f7EW3810ZLmDlrEEy5KvBsb9ECEfu/kMWD484ijfQ8+nIi0giMgu9g1UAuuA==}
    engines: {node: '>=14.21.3'}
    cpu: [x64]
    os: [win32]

  lefthook-darwin-arm64@1.8.1:
    resolution: {integrity: sha512-zTUb0NcMWKDqck9UobqJZCzihksk5Dv/D+zD3jrxi50vQvgl4wfTO3sP78WmVdhGkMCyHy5udOB+L72fyJqcdw==}
    cpu: [arm64]
    os: [darwin]

  lefthook-darwin-x64@1.8.1:
    resolution: {integrity: sha512-f9DY+UBd+g6TZ/nHdNZnfGeWT/0n18bkYi56biKEBXIgRlnuTNCrk0TUiSxlWF2GUQdxHM8YSWDkPRtHLg+3zg==}
    cpu: [x64]
    os: [darwin]

  lefthook-freebsd-arm64@1.8.1:
    resolution: {integrity: sha512-ZWx0PtYRtd0tlygUjLKP1eSztyLx2pOnI06h5/PyxWcmF+1/WjYPZM7Mt1nBwpqZcFNYkQ3VefFfg1f0URuLJQ==}
    cpu: [arm64]
    os: [freebsd]

  lefthook-freebsd-x64@1.8.1:
    resolution: {integrity: sha512-F5rd7JMwQJosZclsyqJciAn5CBZCZGTGEXLWEwOhgFZbbsUubGSekAhJNoHFm4eJZaDhhWnckghCjXCfBjDSYg==}
    cpu: [x64]
    os: [freebsd]

  lefthook-linux-arm64@1.8.1:
    resolution: {integrity: sha512-CTsqVHW2B291wLXonod1AMUJEOZqtG8lY+la97Id301kY4TzgbBKQvU2LF/hBIS8c62DjPMzEM4NYfbVzrK1QA==}
    cpu: [arm64]
    os: [linux]

  lefthook-linux-x64@1.8.1:
    resolution: {integrity: sha512-fw8WwUjr+mCfH/Gbmfj/7J0oX8NjfaACUQlYr3kVHz3c+LYMoRv7O/7dn2OXVO5vEdK5zH/NZlMml4C4qhxwEA==}
    cpu: [x64]
    os: [linux]

  lefthook-openbsd-arm64@1.8.1:
    resolution: {integrity: sha512-Za9K1ZAoRRM2Pq0eXZHbUppUZArZfgVcTDawKf/FRkbvAsTnBPEcH8Qtjcsm12qLQZ45KtPzZ/GEl/nxnWpeVQ==}
    cpu: [arm64]
    os: [openbsd]

  lefthook-openbsd-x64@1.8.1:
    resolution: {integrity: sha512-NgzcIouZobNZw1eEIC3Vh3z4bzVgIGIyJ41g5PGe6d1IXVkmnc5qpFP7jgnaaLK7TPahzIOREQrtYgR62Hg5bw==}
    cpu: [x64]
    os: [openbsd]

  lefthook-windows-arm64@1.8.1:
    resolution: {integrity: sha512-NUIwnV56YLUmHZf+C5gQA9tIdWjdHu5Ql6hNdFbYYrGxNvNFh2juHRaPKHUGjYk5iu9bxgjogw7mHfN+LanBcQ==}
    cpu: [arm64]
    os: [win32]

  lefthook-windows-x64@1.8.1:
    resolution: {integrity: sha512-9cnvWe8tYBwUxJFvW/TJ3P4Al+52QJcLdkJJ1aKgr3F7EydPPZk+jWFy0b1SSan1S7M7OuoPC9jcKS3PGjB6tw==}
    cpu: [x64]
    os: [win32]

  lefthook@1.8.1:
    resolution: {integrity: sha512-DTm2F7kf+mQ0UgxSOuCSIwAMC4RJOH5x77okcsFfeJOJ0y7/xGgpfmPb9ZPBDXeJ6UxfI0ngRgWoEctYMlMr4A==}
    hasBin: true

  turbo-darwin-64@2.2.3:
    resolution: {integrity: sha512-Rcm10CuMKQGcdIBS3R/9PMeuYnv6beYIHqfZFeKWVYEWH69sauj4INs83zKMTUiZJ3/hWGZ4jet9AOwhsssLyg==}
    cpu: [x64]
    os: [darwin]

  turbo-darwin-arm64@2.2.3:
    resolution: {integrity: sha512-+EIMHkuLFqUdJYsA3roj66t9+9IciCajgj+DVek+QezEdOJKcRxlvDOS2BUaeN8kEzVSsNiAGnoysFWYw4K0HA==}
    cpu: [arm64]
    os: [darwin]

  turbo-linux-64@2.2.3:
    resolution: {integrity: sha512-UBhJCYnqtaeOBQLmLo8BAisWbc9v9daL9G8upLR+XGj6vuN/Nz6qUAhverN4Pyej1g4Nt1BhROnj6GLOPYyqxQ==}
    cpu: [x64]
    os: [linux]

  turbo-linux-arm64@2.2.3:
    resolution: {integrity: sha512-hJYT9dN06XCQ3jBka/EWvvAETnHRs3xuO/rb5bESmDfG+d9yQjeTMlhRXKrr4eyIMt6cLDt1LBfyi+6CQ+VAwQ==}
    cpu: [arm64]
    os: [linux]

  turbo-windows-64@2.2.3:
    resolution: {integrity: sha512-NPrjacrZypMBF31b4HE4ROg4P3nhMBPHKS5WTpMwf7wydZ8uvdEHpESVNMOtqhlp857zbnKYgP+yJF30H3N2dQ==}
    cpu: [x64]
    os: [win32]

  turbo-windows-arm64@2.2.3:
    resolution: {integrity: sha512-fnNrYBCqn6zgKPKLHu4sOkihBI/+0oYFr075duRxqUZ+1aLWTAGfHZLgjVeLh3zR37CVzuerGIPWAEkNhkWEIw==}
    cpu: [arm64]
    os: [win32]

  turbo@2.2.3:
    resolution: {integrity: sha512-5lDvSqIxCYJ/BAd6rQGK/AzFRhBkbu4JHVMLmGh/hCb7U3CqSnr5Tjwfy9vc+/5wG2DJ6wttgAaA7MoCgvBKZQ==}
    hasBin: true

  typescript@5.4.5:
    resolution: {integrity: sha512-vcI4UpRgg81oIRUFwR0WSIHKt11nJ7SAVlYNIu+QpqeyXP+gpQJy/Z4+F0aGxSE4MqwjyXvW/TzgkLAx2AGHwQ==}
    engines: {node: '>=14.17'}
    hasBin: true

snapshots:

  '@biomejs/biome@1.9.4':
    optionalDependencies:
      '@biomejs/cli-darwin-arm64': 1.9.4
      '@biomejs/cli-darwin-x64': 1.9.4
      '@biomejs/cli-linux-arm64': 1.9.4
      '@biomejs/cli-linux-arm64-musl': 1.9.4
      '@biomejs/cli-linux-x64': 1.9.4
      '@biomejs/cli-linux-x64-musl': 1.9.4
      '@biomejs/cli-win32-arm64': 1.9.4
      '@biomejs/cli-win32-x64': 1.9.4

  '@biomejs/cli-darwin-arm64@1.9.4':
    optional: true

  '@biomejs/cli-darwin-x64@1.9.4':
    optional: true

  '@biomejs/cli-linux-arm64-musl@1.9.4':
    optional: true

  '@biomejs/cli-linux-arm64@1.9.4':
    optional: true

  '@biomejs/cli-linux-x64-musl@1.9.4':
    optional: true

  '@biomejs/cli-linux-x64@1.9.4':
    optional: true

  '@biomejs/cli-win32-arm64@1.9.4':
    optional: true

  '@biomejs/cli-win32-x64@1.9.4':
    optional: true

  lefthook-darwin-arm64@1.8.1:
    optional: true

  lefthook-darwin-x64@1.8.1:
    optional: true

  lefthook-freebsd-arm64@1.8.1:
    optional: true

  lefthook-freebsd-x64@1.8.1:
    optional: true

  lefthook-linux-arm64@1.8.1:
    optional: true

  lefthook-linux-x64@1.8.1:
    optional: true

  lefthook-openbsd-arm64@1.8.1:
    optional: true

  lefthook-openbsd-x64@1.8.1:
    optional: true

  lefthook-windows-arm64@1.8.1:
    optional: true

  lefthook-windows-x64@1.8.1:
    optional: true

  lefthook@1.8.1:
    optionalDependencies:
      lefthook-darwin-arm64: 1.8.1
      lefthook-darwin-x64: 1.8.1
      lefthook-freebsd-arm64: 1.8.1
      lefthook-freebsd-x64: 1.8.1
      lefthook-linux-arm64: 1.8.1
      lefthook-linux-x64: 1.8.1
      lefthook-openbsd-arm64: 1.8.1
      lefthook-openbsd-x64: 1.8.1
      lefthook-windows-arm64: 1.8.1
      lefthook-windows-x64: 1.8.1

  turbo-darwin-64@2.2.3:
    optional: true

  turbo-darwin-arm64@2.2.3:
    optional: true

  turbo-linux-64@2.2.3:
    optional: true

  turbo-linux-arm64@2.2.3:
    optional: true

  turbo-windows-64@2.2.3:
    optional: true

  turbo-windows-arm64@2.2.3:
    optional: true

  turbo@2.2.3:
    optionalDependencies:
      turbo-darwin-64: 2.2.3
      turbo-darwin-arm64: 2.2.3
      turbo-linux-64: 2.2.3
      turbo-linux-arm64: 2.2.3
      turbo-windows-64: 2.2.3
      turbo-windows-arm64: 2.2.3

  typescript@5.4.5: {}
